
Microsoft Visual Studio Solution File, Format Version 12.00
# Visual Studio Version 17
VisualStudioVersion = 17.4.33213.308
MinimumVisualStudioVersion = 10.0.40219.1
Project("{2150E333-8FDC-42A3-9474-1A3956D46DE8}") = "src", "src", "{6456E580-3726-4C5D-AF31-33C56CE6A902}"
EndProject
Project("{FAE04EC0-301F-11D3-BF4B-00C04F79EFBC}") = "Api", "src\Api\Api.csproj", "{B8F3E5E6-83FA-49A9-9085-EC32E745760B}"
EndProject
Project("{FAE04EC0-301F-11D3-BF4B-00C04F79EFBC}") = "Infra", "src\Infra\Infra.csproj", "{ACDC926E-A7B3-4A69-8F02-EE6F336E7A08}"
EndProject
Project("{FAE04EC0-301F-11D3-BF4B-00C04F79EFBC}") = "Domain", "src\Domain\Domain.csproj", "{C1B898D3-BB80-464E-AD89-1AEB2846673B}"
EndProject
Project("{FAE04EC0-301F-11D3-BF4B-00C04F79EFBC}") = "Application", "src\Application\Application.csproj", "{A2831163-AC1C-45D2-9757-F85FDE656780}"
EndProject
Project("{2150E333-8FDC-42A3-9474-1A3956D46DE8}") = "tests", "tests", "{99F6C324-F716-4591-95C2-38430636F83C}"
EndProject
Project("{FAE04EC0-301F-11D3-BF4B-00C04F79EFBC}") = "Domain.Tests", "tests\Domain.Tests\Domain.Tests.csproj", "{A0A1FA5C-E58E-433B-A34C-FA33C6686C59}"
EndProject
Project("{FAE04EC0-301F-11D3-BF4B-00C04F79EFBC}") = "Application.Tests", "tests\Application.Tests\Application.Tests.csproj", "{4F396765-98B5-40D7-8A0B-07A95146C661}"
EndProject
Project("{FAE04EC0-301F-11D3-BF4B-00C04F79EFBC}") = "Infra.Tests", "tests\Infra.Tests\Infra.Tests.csproj", "{C1BA439D-2AF2-4CCC-AA93-4CA4A9D45381}"
EndProject
Global
	GlobalSection(SolutionConfigurationPlatforms) = preSolution
		Debug|Any CPU = Debug|Any CPU
		Release|Any CPU = Release|Any CPU
	EndGlobalSection
	GlobalSection(ProjectConfigurationPlatforms) = postSolution
		{B8F3E5E6-83FA-49A9-9085-EC32E745760B}.Debug|Any CPU.ActiveCfg = Debug|Any CPU
		{B8F3E5E6-83FA-49A9-9085-EC32E745760B}.Debug|Any CPU.Build.0 = Debug|Any CPU
		{B8F3E5E6-83FA-49A9-9085-EC32E745760B}.Release|Any CPU.ActiveCfg = Release|Any CPU
		{B8F3E5E6-83FA-49A9-9085-EC32E745760B}.Release|Any CPU.Build.0 = Release|Any CPU
		{ACDC926E-A7B3-4A69-8F02-EE6F336E7A08}.Debug|Any CPU.ActiveCfg = Debug|Any CPU
		{ACDC926E-A7B3-4A69-8F02-EE6F336E7A08}.Debug|Any CPU.Build.0 = Debug|Any CPU
		{ACDC926E-A7B3-4A69-8F02-EE6F336E7A08}.Release|Any CPU.ActiveCfg = Release|Any CPU
		{ACDC926E-A7B3-4A69-8F02-EE6F336E7A08}.Release|Any CPU.Build.0 = Release|Any CPU
		{C1B898D3-BB80-464E-AD89-1AEB2846673B}.Debug|Any CPU.ActiveCfg = Debug|Any CPU
		{C1B898D3-BB80-464E-AD89-1AEB2846673B}.Debug|Any CPU.Build.0 = Debug|Any CPU
		{C1B898D3-BB80-464E-AD89-1AEB2846673B}.Release|Any CPU.ActiveCfg = Release|Any CPU
		{C1B898D3-BB80-464E-AD89-1AEB2846673B}.Release|Any CPU.Build.0 = Release|Any CPU
		{A2831163-AC1C-45D2-9757-F85FDE656780}.Debug|Any CPU.ActiveCfg = Debug|Any CPU
		{A2831163-AC1C-45D2-9757-F85FDE656780}.Debug|Any CPU.Build.0 = Debug|Any CPU
		{A2831163-AC1C-45D2-9757-F85FDE656780}.Release|Any CPU.ActiveCfg = Release|Any CPU
		{A2831163-AC1C-45D2-9757-F85FDE656780}.Release|Any CPU.Build.0 = Release|Any CPU
		{A0A1FA5C-E58E-433B-A34C-FA33C6686C59}.Debug|Any CPU.ActiveCfg = Debug|Any CPU
		{A0A1FA5C-E58E-433B-A34C-FA33C6686C59}.Debug|Any CPU.Build.0 = Debug|Any CPU
		{A0A1FA5C-E58E-433B-A34C-FA33C6686C59}.Release|Any CPU.ActiveCfg = Release|Any CPU
		{A0A1FA5C-E58E-433B-A34C-FA33C6686C59}.Release|Any CPU.Build.0 = Release|Any CPU
		{4F396765-98B5-40D7-8A0B-07A95146C661}.Debug|Any CPU.ActiveCfg = Debug|Any CPU
		{4F396765-98B5-40D7-8A0B-07A95146C661}.Debug|Any CPU.Build.0 = Debug|Any CPU
		{4F396765-98B5-40D7-8A0B-07A95146C661}.Release|Any CPU.ActiveCfg = Release|Any CPU
		{4F396765-98B5-40D7-8A0B-07A95146C661}.Release|Any CPU.Build.0 = Release|Any CPU
		{C1BA439D-2AF2-4CCC-AA93-4CA4A9D45381}.Debug|Any CPU.ActiveCfg = Debug|Any CPU
		{C1BA439D-2AF2-4CCC-AA93-4CA4A9D45381}.Debug|Any CPU.Build.0 = Debug|Any CPU
		{C1BA439D-2AF2-4CCC-AA93-4CA4A9D45381}.Release|Any CPU.ActiveCfg = Release|Any CPU
		{C1BA439D-2AF2-4CCC-AA93-4CA4A9D45381}.Release|Any CPU.Build.0 = Release|Any CPU
	EndGlobalSection
	GlobalSection(SolutionProperties) = preSolution
		HideSolutionNode = FALSE
	EndGlobalSection
	GlobalSection(ExtensibilityGlobals) = postSolution
		SolutionGuid = {5CD0D792-812E-424A-851F-3881458C16E1}
	EndGlobalSection
	GlobalSection(NestedProjects) = preSolution
		{ACDC926E-A7B3-4A69-8F02-EE6F336E7A08} = {6456E580-3726-4C5D-AF31-33C56CE6A902}
		{C1B898D3-BB80-464E-AD89-1AEB2846673B} = {6456E580-3726-4C5D-AF31-33C56CE6A902}
		{A2831163-AC1C-45D2-9757-F85FDE656780} = {6456E580-3726-4C5D-AF31-33C56CE6A902}
		{A0A1FA5C-E58E-433B-A34C-FA33C6686C59} = {99F6C324-F716-4591-95C2-38430636F83C}
		{4F396765-98B5-40D7-8A0B-07A95146C661} = {99F6C324-F716-4591-95C2-38430636F83C}
		{C1BA439D-2AF2-4CCC-AA93-4CA4A9D45381} = {99F6C324-F716-4591-95C2-38430636F83C}
	EndGlobalSection
EndGlobal
